
Microsoft Visual Studio Solution File, Format Version 12.00
# Visual Studio Version 16
VisualStudioVersion = 16.0.30907.101
MinimumVisualStudioVersion = 10.0.40219.1
Project("{FAE04EC0-301F-11D3-BF4B-00C04F79EFBC}") = "KontaktyAPI", "KontaktyAPI\KontaktyAPI.csproj", "{2B08728B-EF0B-40CA-9FEF-D68876A70FBA}"
EndProject
Global
	GlobalSection(SolutionConfigurationPlatforms) = preSolution
		Debug|Any CPU = Debug|Any CPU
		Release|Any CPU = Release|Any CPU
	EndGlobalSection
	GlobalSection(ProjectConfigurationPlatforms) = postSolution
		{2B08728B-EF0B-40CA-9FEF-D68876A70FBA}.Debug|Any CPU.ActiveCfg = Debug|Any CPU
		{2B08728B-EF0B-40CA-9FEF-D68876A70FBA}.Debug|Any CPU.Build.0 = Debug|Any CPU
		{2B08728B-EF0B-40CA-9FEF-D68876A70FBA}.Release|Any CPU.ActiveCfg = Release|Any CPU
		{2B08728B-EF0B-40CA-9FEF-D68876A70FBA}.Release|Any CPU.Build.0 = Release|Any CPU
	EndGlobalSection
	GlobalSection(SolutionProperties) = preSolution
		HideSolutionNode = FALSE
	EndGlobalSection
	GlobalSection(ExtensibilityGlobals) = postSolution
		SolutionGuid = {59CF59F2-56DE-4486-8086-37B6CB34D0AA}
	EndGlobalSection
EndGlobal
